
Microsoft Visual Studio Solution File, Format Version 12.00
# Visual Studio Version 17
VisualStudioVersion = 17.0.31903.59
MinimumVisualStudioVersion = 10.0.40219.1
Project("{FAE04EC0-301F-11D3-BF4B-00C04F79EFBC}") = "OmniMarketHub.Domain", "OmniMarketHub.Domain\OmniMarketHub.Domain.csproj", "{C2DB55ED-7C4D-4F92-BBEA-61B31D2FA709}"
EndProject
Project("{FAE04EC0-301F-11D3-BF4B-00C04F79EFBC}") = "OmniMarketHub.Infrastructure", "OmniMarketHub.Infrastructure\OmniMarketHub.Infrastructure.csproj", "{CC12FD28-DD95-406F-B3AA-4C229D0EDEFE}"
EndProject
Project("{FAE04EC0-301F-11D3-BF4B-00C04F79EFBC}") = "OmniMarketHub.API", "OmniMarketHub.API\OmniMarketHub.API.csproj", "{E3D7CCE3-1139-402B-A49F-52ADF7301078}"
EndProject
Project("{FAE04EC0-301F-11D3-BF4B-00C04F79EFBC}") = "OmniMarketHub.Tests", "OmniMarketHub.Tests\OmniMarketHub.Tests.csproj", "{AFBFCF07-22E2-4D9D-8A6B-DCD26459E7FC}"
EndProject
Global
	GlobalSection(SolutionConfigurationPlatforms) = preSolution
		Debug|Any CPU = Debug|Any CPU
		Debug|x64 = Debug|x64
		Debug|x86 = Debug|x86
		Release|Any CPU = Release|Any CPU
		Release|x64 = Release|x64
		Release|x86 = Release|x86
	EndGlobalSection
	GlobalSection(ProjectConfigurationPlatforms) = postSolution
		{C2DB55ED-7C4D-4F92-BBEA-61B31D2FA709}.Debug|Any CPU.ActiveCfg = Debug|Any CPU
		{C2DB55ED-7C4D-4F92-BBEA-61B31D2FA709}.Debug|Any CPU.Build.0 = Debug|Any CPU
		{C2DB55ED-7C4D-4F92-BBEA-61B31D2FA709}.Debug|x64.ActiveCfg = Debug|Any CPU
		{C2DB55ED-7C4D-4F92-BBEA-61B31D2FA709}.Debug|x64.Build.0 = Debug|Any CPU
		{C2DB55ED-7C4D-4F92-BBEA-61B31D2FA709}.Debug|x86.ActiveCfg = Debug|Any CPU
		{C2DB55ED-7C4D-4F92-BBEA-61B31D2FA709}.Debug|x86.Build.0 = Debug|Any CPU
		{C2DB55ED-7C4D-4F92-BBEA-61B31D2FA709}.Release|Any CPU.ActiveCfg = Release|Any CPU
		{C2DB55ED-7C4D-4F92-BBEA-61B31D2FA709}.Release|Any CPU.Build.0 = Release|Any CPU
		{C2DB55ED-7C4D-4F92-BBEA-61B31D2FA709}.Release|x64.ActiveCfg = Release|Any CPU
		{C2DB55ED-7C4D-4F92-BBEA-61B31D2FA709}.Release|x64.Build.0 = Release|Any CPU
		{C2DB55ED-7C4D-4F92-BBEA-61B31D2FA709}.Release|x86.ActiveCfg = Release|Any CPU
		{C2DB55ED-7C4D-4F92-BBEA-61B31D2FA709}.Release|x86.Build.0 = Release|Any CPU
		{CC12FD28-DD95-406F-B3AA-4C229D0EDEFE}.Debug|Any CPU.ActiveCfg = Debug|Any CPU
		{CC12FD28-DD95-406F-B3AA-4C229D0EDEFE}.Debug|Any CPU.Build.0 = Debug|Any CPU
		{CC12FD28-DD95-406F-B3AA-4C229D0EDEFE}.Debug|x64.ActiveCfg = Debug|Any CPU
		{CC12FD28-DD95-406F-B3AA-4C229D0EDEFE}.Debug|x64.Build.0 = Debug|Any CPU
		{CC12FD28-DD95-406F-B3AA-4C229D0EDEFE}.Debug|x86.ActiveCfg = Debug|Any CPU
		{CC12FD28-DD95-406F-B3AA-4C229D0EDEFE}.Debug|x86.Build.0 = Debug|Any CPU
		{CC12FD28-DD95-406F-B3AA-4C229D0EDEFE}.Release|Any CPU.ActiveCfg = Release|Any CPU
		{CC12FD28-DD95-406F-B3AA-4C229D0EDEFE}.Release|Any CPU.Build.0 = Release|Any CPU
		{CC12FD28-DD95-406F-B3AA-4C229D0EDEFE}.Release|x64.ActiveCfg = Release|Any CPU
		{CC12FD28-DD95-406F-B3AA-4C229D0EDEFE}.Release|x64.Build.0 = Release|Any CPU
		{CC12FD28-DD95-406F-B3AA-4C229D0EDEFE}.Release|x86.ActiveCfg = Release|Any CPU
		{CC12FD28-DD95-406F-B3AA-4C229D0EDEFE}.Release|x86.Build.0 = Release|Any CPU
		{E3D7CCE3-1139-402B-A49F-52ADF7301078}.Debug|Any CPU.ActiveCfg = Debug|Any CPU
		{E3D7CCE3-1139-402B-A49F-52ADF7301078}.Debug|Any CPU.Build.0 = Debug|Any CPU
		{E3D7CCE3-1139-402B-A49F-52ADF7301078}.Debug|x64.ActiveCfg = Debug|Any CPU
		{E3D7CCE3-1139-402B-A49F-52ADF7301078}.Debug|x64.Build.0 = Debug|Any CPU
		{E3D7CCE3-1139-402B-A49F-52ADF7301078}.Debug|x86.ActiveCfg = Debug|Any CPU
		{E3D7CCE3-1139-402B-A49F-52ADF7301078}.Debug|x86.Build.0 = Debug|Any CPU
		{E3D7CCE3-1139-402B-A49F-52ADF7301078}.Release|Any CPU.ActiveCfg = Release|Any CPU
		{E3D7CCE3-1139-402B-A49F-52ADF7301078}.Release|Any CPU.Build.0 = Release|Any CPU
		{E3D7CCE3-1139-402B-A49F-52ADF7301078}.Release|x64.ActiveCfg = Release|Any CPU
		{E3D7CCE3-1139-402B-A49F-52ADF7301078}.Release|x64.Build.0 = Release|Any CPU
		{E3D7CCE3-1139-402B-A49F-52ADF7301078}.Release|x86.ActiveCfg = Release|Any CPU
		{E3D7CCE3-1139-402B-A49F-52ADF7301078}.Release|x86.Build.0 = Release|Any CPU
		{AFBFCF07-22E2-4D9D-8A6B-DCD26459E7FC}.Debug|Any CPU.ActiveCfg = Debug|Any CPU
		{AFBFCF07-22E2-4D9D-8A6B-DCD26459E7FC}.Debug|Any CPU.Build.0 = Debug|Any CPU
		{AFBFCF07-22E2-4D9D-8A6B-DCD26459E7FC}.Debug|x64.ActiveCfg = Debug|Any CPU
		{AFBFCF07-22E2-4D9D-8A6B-DCD26459E7FC}.Debug|x64.Build.0 = Debug|Any CPU
		{AFBFCF07-22E2-4D9D-8A6B-DCD26459E7FC}.Debug|x86.ActiveCfg = Debug|Any CPU
		{AFBFCF07-22E2-4D9D-8A6B-DCD26459E7FC}.Debug|x86.Build.0 = Debug|Any CPU
		{AFBFCF07-22E2-4D9D-8A6B-DCD26459E7FC}.Release|Any CPU.ActiveCfg = Release|Any CPU
		{AFBFCF07-22E2-4D9D-8A6B-DCD26459E7FC}.Release|Any CPU.Build.0 = Release|Any CPU
		{AFBFCF07-22E2-4D9D-8A6B-DCD26459E7FC}.Release|x64.ActiveCfg = Release|Any CPU
		{AFBFCF07-22E2-4D9D-8A6B-DCD26459E7FC}.Release|x64.Build.0 = Release|Any CPU
		{AFBFCF07-22E2-4D9D-8A6B-DCD26459E7FC}.Release|x86.ActiveCfg = Release|Any CPU
		{AFBFCF07-22E2-4D9D-8A6B-DCD26459E7FC}.Release|x86.Build.0 = Release|Any CPU
	EndGlobalSection
	GlobalSection(SolutionProperties) = preSolution
		HideSolutionNode = FALSE
	EndGlobalSection
	GlobalSection(ExtensibilityGlobals) = postSolution
		SolutionGuid = {661B2B63-A011-4E00-A568-EDC6C0E45DE1}
	EndGlobalSection
EndGlobal
